
Microsoft Visual Studio Solution File, Format Version 12.00
# Visual Studio Version 16
VisualStudioVersion = 16.0.30413.136
MinimumVisualStudioVersion = 10.0.40219.1
Project("{FAE04EC0-301F-11D3-BF4B-00C04F79EFBC}") = "Tunniplaan.Android", "Tunniplaan\Tunniplaan.Android\Tunniplaan.Android.csproj", "{701EECAC-27D6-4BBB-BF79-EEC0285A7ADD}"
EndProject
Project("{FAE04EC0-301F-11D3-BF4B-00C04F79EFBC}") = "Tunniplaan.iOS", "Tunniplaan\Tunniplaan.iOS\Tunniplaan.iOS.csproj", "{079C4CCE-423F-4D0D-8A0C-E233D74732A2}"
EndProject
Project("{FAE04EC0-301F-11D3-BF4B-00C04F79EFBC}") = "Tunniplaan", "Tunniplaan\Tunniplaan\Tunniplaan.csproj", "{E8A96312-6DF2-4D5E-9F8C-8839C342B408}"
EndProject
Global
	GlobalSection(SolutionConfigurationPlatforms) = preSolution
		Debug|Any CPU = Debug|Any CPU
		Debug|iPhone = Debug|iPhone
		Debug|iPhoneSimulator = Debug|iPhoneSimulator
		Release|Any CPU = Release|Any CPU
		Release|iPhone = Release|iPhone
		Release|iPhoneSimulator = Release|iPhoneSimulator
	EndGlobalSection
	GlobalSection(ProjectConfigurationPlatforms) = postSolution
		{701EECAC-27D6-4BBB-BF79-EEC0285A7ADD}.Debug|Any CPU.ActiveCfg = Debug|Any CPU
		{701EECAC-27D6-4BBB-BF79-EEC0285A7ADD}.Debug|Any CPU.Build.0 = Debug|Any CPU
		{701EECAC-27D6-4BBB-BF79-EEC0285A7ADD}.Debug|Any CPU.Deploy.0 = Debug|Any CPU
		{701EECAC-27D6-4BBB-BF79-EEC0285A7ADD}.Debug|iPhone.ActiveCfg = Debug|Any CPU
		{701EECAC-27D6-4BBB-BF79-EEC0285A7ADD}.Debug|iPhone.Build.0 = Debug|Any CPU
		{701EECAC-27D6-4BBB-BF79-EEC0285A7ADD}.Debug|iPhone.Deploy.0 = Debug|Any CPU
		{701EECAC-27D6-4BBB-BF79-EEC0285A7ADD}.Debug|iPhoneSimulator.ActiveCfg = Debug|Any CPU
		{701EECAC-27D6-4BBB-BF79-EEC0285A7ADD}.Debug|iPhoneSimulator.Build.0 = Debug|Any CPU
		{701EECAC-27D6-4BBB-BF79-EEC0285A7ADD}.Debug|iPhoneSimulator.Deploy.0 = Debug|Any CPU
		{701EECAC-27D6-4BBB-BF79-EEC0285A7ADD}.Release|Any CPU.ActiveCfg = Release|Any CPU
		{701EECAC-27D6-4BBB-BF79-EEC0285A7ADD}.Release|Any CPU.Build.0 = Release|Any CPU
		{701EECAC-27D6-4BBB-BF79-EEC0285A7ADD}.Release|Any CPU.Deploy.0 = Release|Any CPU
		{701EECAC-27D6-4BBB-BF79-EEC0285A7ADD}.Release|iPhone.ActiveCfg = Release|Any CPU
		{701EECAC-27D6-4BBB-BF79-EEC0285A7ADD}.Release|iPhone.Build.0 = Release|Any CPU
		{701EECAC-27D6-4BBB-BF79-EEC0285A7ADD}.Release|iPhone.Deploy.0 = Release|Any CPU
		{701EECAC-27D6-4BBB-BF79-EEC0285A7ADD}.Release|iPhoneSimulator.ActiveCfg = Release|Any CPU
		{701EECAC-27D6-4BBB-BF79-EEC0285A7ADD}.Release|iPhoneSimulator.Build.0 = Release|Any CPU
		{701EECAC-27D6-4BBB-BF79-EEC0285A7ADD}.Release|iPhoneSimulator.Deploy.0 = Release|Any CPU
		{079C4CCE-423F-4D0D-8A0C-E233D74732A2}.Debug|Any CPU.ActiveCfg = Debug|iPhone
		{079C4CCE-423F-4D0D-8A0C-E233D74732A2}.Debug|Any CPU.Build.0 = Debug|iPhone
		{079C4CCE-423F-4D0D-8A0C-E233D74732A2}.Debug|Any CPU.Deploy.0 = Debug|iPhone
		{079C4CCE-423F-4D0D-8A0C-E233D74732A2}.Debug|iPhone.ActiveCfg = Debug|iPhone
		{079C4CCE-423F-4D0D-8A0C-E233D74732A2}.Debug|iPhone.Build.0 = Debug|iPhone
		{079C4CCE-423F-4D0D-8A0C-E233D74732A2}.Debug|iPhone.Deploy.0 = Debug|iPhone
		{079C4CCE-423F-4D0D-8A0C-E233D74732A2}.Debug|iPhoneSimulator.ActiveCfg = Debug|iPhoneSimulator
		{079C4CCE-423F-4D0D-8A0C-E233D74732A2}.Debug|iPhoneSimulator.Build.0 = Debug|iPhoneSimulator
		{079C4CCE-423F-4D0D-8A0C-E233D74732A2}.Debug|iPhoneSimulator.Deploy.0 = Debug|iPhoneSimulator
		{079C4CCE-423F-4D0D-8A0C-E233D74732A2}.Release|Any CPU.ActiveCfg = Release|iPhone
		{079C4CCE-423F-4D0D-8A0C-E233D74732A2}.Release|Any CPU.Build.0 = Release|iPhone
		{079C4CCE-423F-4D0D-8A0C-E233D74732A2}.Release|Any CPU.Deploy.0 = Release|iPhone
		{079C4CCE-423F-4D0D-8A0C-E233D74732A2}.Release|iPhone.ActiveCfg = Release|iPhone
		{079C4CCE-423F-4D0D-8A0C-E233D74732A2}.Release|iPhone.Build.0 = Release|iPhone
		{079C4CCE-423F-4D0D-8A0C-E233D74732A2}.Release|iPhone.Deploy.0 = Release|iPhone
		{079C4CCE-423F-4D0D-8A0C-E233D74732A2}.Release|iPhoneSimulator.ActiveCfg = Release|iPhoneSimulator
		{079C4CCE-423F-4D0D-8A0C-E233D74732A2}.Release|iPhoneSimulator.Build.0 = Release|iPhoneSimulator
		{079C4CCE-423F-4D0D-8A0C-E233D74732A2}.Release|iPhoneSimulator.Deploy.0 = Release|iPhoneSimulator
		{E8A96312-6DF2-4D5E-9F8C-8839C342B408}.Debug|Any CPU.ActiveCfg = Debug|Any CPU
		{E8A96312-6DF2-4D5E-9F8C-8839C342B408}.Debug|Any CPU.Build.0 = Debug|Any CPU
		{E8A96312-6DF2-4D5E-9F8C-8839C342B408}.Debug|Any CPU.Deploy.0 = Debug|Any CPU
		{E8A96312-6DF2-4D5E-9F8C-8839C342B408}.Debug|iPhone.ActiveCfg = Debug|Any CPU
		{E8A96312-6DF2-4D5E-9F8C-8839C342B408}.Debug|iPhone.Build.0 = Debug|Any CPU
		{E8A96312-6DF2-4D5E-9F8C-8839C342B408}.Debug|iPhone.Deploy.0 = Debug|Any CPU
		{E8A96312-6DF2-4D5E-9F8C-8839C342B408}.Debug|iPhoneSimulator.ActiveCfg = Debug|Any CPU
		{E8A96312-6DF2-4D5E-9F8C-8839C342B408}.Debug|iPhoneSimulator.Build.0 = Debug|Any CPU
		{E8A96312-6DF2-4D5E-9F8C-8839C342B408}.Debug|iPhoneSimulator.Deploy.0 = Debug|Any CPU
		{E8A96312-6DF2-4D5E-9F8C-8839C342B408}.Release|Any CPU.ActiveCfg = Release|Any CPU
		{E8A96312-6DF2-4D5E-9F8C-8839C342B408}.Release|Any CPU.Build.0 = Release|Any CPU
		{E8A96312-6DF2-4D5E-9F8C-8839C342B408}.Release|Any CPU.Deploy.0 = Release|Any CPU
		{E8A96312-6DF2-4D5E-9F8C-8839C342B408}.Release|iPhone.ActiveCfg = Release|Any CPU
		{E8A96312-6DF2-4D5E-9F8C-8839C342B408}.Release|iPhone.Build.0 = Release|Any CPU
		{E8A96312-6DF2-4D5E-9F8C-8839C342B408}.Release|iPhone.Deploy.0 = Release|Any CPU
		{E8A96312-6DF2-4D5E-9F8C-8839C342B408}.Release|iPhoneSimulator.ActiveCfg = Release|Any CPU
		{E8A96312-6DF2-4D5E-9F8C-8839C342B408}.Release|iPhoneSimulator.Build.0 = Release|Any CPU
		{E8A96312-6DF2-4D5E-9F8C-8839C342B408}.Release|iPhoneSimulator.Deploy.0 = Release|Any CPU
	EndGlobalSection
	GlobalSection(SolutionProperties) = preSolution
		HideSolutionNode = FALSE
	EndGlobalSection
	GlobalSection(ExtensibilityGlobals) = postSolution
		SolutionGuid = {F67F4D6F-11FA-46BE-BC7D-E6A19ED1F4F3}
	EndGlobalSection
EndGlobal
